
Microsoft Visual Studio Solution File, Format Version 12.00
# Visual Studio Version 16
VisualStudioVersion = 16.0.31025.194
MinimumVisualStudioVersion = 10.0.40219.1
Project("{9A19103F-16F7-4668-BE54-9A1E7A4F7556}") = "ShopBridge", "ShopBridge\ShopBridge.csproj", "{D660F60B-42D2-4F91-A3A8-04AE92DBA4BE}"
EndProject
Project("{FAE04EC0-301F-11D3-BF4B-00C04F79EFBC}") = "ShopBridgeTest", "ShopBridgeTest\ShopBridgeTest.csproj", "{06936818-0D16-4898-A924-34BA77203275}"
EndProject
Global
	GlobalSection(SolutionConfigurationPlatforms) = preSolution
		Debug|Any CPU = Debug|Any CPU
		Release|Any CPU = Release|Any CPU
	EndGlobalSection
	GlobalSection(ProjectConfigurationPlatforms) = postSolution
		{D660F60B-42D2-4F91-A3A8-04AE92DBA4BE}.Debug|Any CPU.ActiveCfg = Debug|Any CPU
		{D660F60B-42D2-4F91-A3A8-04AE92DBA4BE}.Debug|Any CPU.Build.0 = Debug|Any CPU
		{D660F60B-42D2-4F91-A3A8-04AE92DBA4BE}.Release|Any CPU.ActiveCfg = Release|Any CPU
		{D660F60B-42D2-4F91-A3A8-04AE92DBA4BE}.Release|Any CPU.Build.0 = Release|Any CPU
		{06936818-0D16-4898-A924-34BA77203275}.Debug|Any CPU.ActiveCfg = Debug|Any CPU
		{06936818-0D16-4898-A924-34BA77203275}.Debug|Any CPU.Build.0 = Debug|Any CPU
		{06936818-0D16-4898-A924-34BA77203275}.Release|Any CPU.ActiveCfg = Release|Any CPU
		{06936818-0D16-4898-A924-34BA77203275}.Release|Any CPU.Build.0 = Release|Any CPU
	EndGlobalSection
	GlobalSection(SolutionProperties) = preSolution
		HideSolutionNode = FALSE
	EndGlobalSection
	GlobalSection(ExtensibilityGlobals) = postSolution
		SolutionGuid = {5A3234CE-B4B4-4ED2-B53D-5B0723D775F0}
	EndGlobalSection
EndGlobal
